
Microsoft Visual Studio Solution File, Format Version 12.00
# Visual Studio Version 17
VisualStudioVersion = 17.0.32014.148
MinimumVisualStudioVersion = 10.0.40219.1
Project("{9A19103F-16F7-4668-BE54-9A1E7A4F7556}") = "SaveCurrentTime", "SaveCurrentTime.csproj", "{15E22E70-C4F5-4AD5-9B32-B1138EF289CB}"
EndProject
Global
	GlobalSection(SolutionConfigurationPlatforms) = preSolution
		Debug|Any CPU = Debug|Any CPU
		Release|Any CPU = Release|Any CPU
	EndGlobalSection
	GlobalSection(ProjectConfigurationPlatforms) = postSolution
		{15E22E70-C4F5-4AD5-9B32-B1138EF289CB}.Debug|Any CPU.ActiveCfg = Debug|Any CPU
		{15E22E70-C4F5-4AD5-9B32-B1138EF289CB}.Debug|Any CPU.Build.0 = Debug|Any CPU
		{15E22E70-C4F5-4AD5-9B32-B1138EF289CB}.Release|Any CPU.ActiveCfg = Release|Any CPU
		{15E22E70-C4F5-4AD5-9B32-B1138EF289CB}.Release|Any CPU.Build.0 = Release|Any CPU
	EndGlobalSection
	GlobalSection(SolutionProperties) = preSolution
		HideSolutionNode = FALSE
	EndGlobalSection
	GlobalSection(ExtensibilityGlobals) = postSolution
		SolutionGuid = {AC070681-A67B-4298-9DF3-CC78CC717F08}
	EndGlobalSection
EndGlobal
