
Microsoft Visual Studio Solution File, Format Version 12.00
# Visual Studio 15
VisualStudioVersion = 15.0.28307.1082
MinimumVisualStudioVersion = 10.0.40219.1
Project("{FAE04EC0-301F-11D3-BF4B-00C04F79EFBC}") = "Nesting", "Nesting\Nesting.csproj", "{7DA01B89-75CD-4B62-AF60-348392BC3AA9}"
EndProject
Global
	GlobalSection(SolutionConfigurationPlatforms) = preSolution
		Debug|Any CPU = Debug|Any CPU
		Release|Any CPU = Release|Any CPU
	EndGlobalSection
	GlobalSection(ProjectConfigurationPlatforms) = postSolution
		{7DA01B89-75CD-4B62-AF60-348392BC3AA9}.Debug|Any CPU.ActiveCfg = Debug|Any CPU
		{7DA01B89-75CD-4B62-AF60-348392BC3AA9}.Debug|Any CPU.Build.0 = Debug|Any CPU
		{7DA01B89-75CD-4B62-AF60-348392BC3AA9}.Release|Any CPU.ActiveCfg = Release|Any CPU
		{7DA01B89-75CD-4B62-AF60-348392BC3AA9}.Release|Any CPU.Build.0 = Release|Any CPU
	EndGlobalSection
	GlobalSection(SolutionProperties) = preSolution
		HideSolutionNode = FALSE
	EndGlobalSection
	GlobalSection(ExtensibilityGlobals) = postSolution
		SolutionGuid = {EFA258CF-A0A5-4B71-859A-D9DF0140FFA9}
	EndGlobalSection
EndGlobal
